{
  "name": "techInterviewSNDB",
  "lockfileVersion": 3,
  "requires": true,
  "packages": {
    "": {
      "dependencies": {
        "@caveman-ai/middleware": "^1.0.1",
        "@caveman-ai/sdk": "^1.2.0"
      }
    },
    "node_modules/@caveman-ai/middleware": {
      "version": "1.0.1",
      "resolved": "https://registry.npmjs.org/@caveman-ai/middleware/-/middleware-1.0.1.tgz",
      "integrity": "sha512-SXGoAbCnu/WIghaUsZFCbg0EUK0Voh7tG1uofrY7y3vR/L1QuG+VgwaAaiKe6QDniLd59ZcgNYQCZmwe+ePrJQ==",
      "license": "Apache-2.0",
      "dependencies": {
        "@caveman-ai/sdk": "^1.2.0"
      },
      "engines": {
        "node": ">=22.12"
      },
      "peerDependencies": {
        "@ai-sdk/provider": "*",
        "@anthropic-ai/sdk": "*",
        "@google/genai": "*",
        "@langchain/core": "*",
        "@langchain/langgraph": "*",
        "@mastra/core": "*",
        "@modelcontextprotocol/sdk": "*",
        "@strands-agents/sdk": "*",
        "ai": "*",
        "langchain": "*",
        "openai": "*"
      },
      "peerDependenciesMeta": {
        "@ai-sdk/provider": {
          "optional": true
        },
        "@anthropic-ai/sdk": {
          "optional": true
        },
        "@google/genai": {
          "optional": true
        },
        "@langchain/core": {
          "optional": true
        },
        "@langchain/langgraph": {
          "optional": true
        },
        "@mastra/core": {
          "optional": true
        },
        "@modelcontextprotocol/sdk": {
          "optional": true
        },
        "@strands-agents/sdk": {
          "optional": true
        },
        "ai": {
          "optional": true
        },
        "langchain": {
          "optional": true
        },
        "openai": {
          "optional": true
        }
      }
    },
    "node_modules/@caveman-ai/sdk": {
      "version": "1.2.0",
      "resolved": "https://registry.npmjs.org/@caveman-ai/sdk/-/sdk-1.2.0.tgz",
      "integrity": "sha512-3fJkSBbKassQQ68bLlQkaxOtqC2Elo3MNszzdnepYIcXVET5jWweqYYd474yoMQ7rdXHG9d8p0S6sRYBD/T0MA==",
      "license": "Apache-2.0",
      "engines": {
        "node": ">=22.12"
      }
    }
  }
}
